
Microsoft Visual Studio Solution File, Format Version 12.00
# Visual Studio Version 16
VisualStudioVersion = 16.0.29215.179
MinimumVisualStudioVersion = 10.0.40219.1
Project("{FAE04EC0-301F-11D3-BF4B-00C04F79EFBC}") = "KursachBorisov", "KursachBorisov\KursachBorisov.csproj", "{1E714E8A-42A7-4B0E-A6F0-306DD1214A28}"
EndProject
Global
	GlobalSection(SolutionConfigurationPlatforms) = preSolution
		Debug|Any CPU = Debug|Any CPU
		Release|Any CPU = Release|Any CPU
	EndGlobalSection
	GlobalSection(ProjectConfigurationPlatforms) = postSolution
		{1E714E8A-42A7-4B0E-A6F0-306DD1214A28}.Debug|Any CPU.ActiveCfg = Debug|Any CPU
		{1E714E8A-42A7-4B0E-A6F0-306DD1214A28}.Debug|Any CPU.Build.0 = Debug|Any CPU
		{1E714E8A-42A7-4B0E-A6F0-306DD1214A28}.Release|Any CPU.ActiveCfg = Release|Any CPU
		{1E714E8A-42A7-4B0E-A6F0-306DD1214A28}.Release|Any CPU.Build.0 = Release|Any CPU
	EndGlobalSection
	GlobalSection(SolutionProperties) = preSolution
		HideSolutionNode = FALSE
	EndGlobalSection
	GlobalSection(ExtensibilityGlobals) = postSolution
		SolutionGuid = {EC1884C1-A694-4BAF-8BAB-0318E7A3A074}
	EndGlobalSection
EndGlobal
